
Microsoft Visual Studio Solution File, Format Version 12.00
# Visual Studio Version 17
VisualStudioVersion = 17.5.33530.505
MinimumVisualStudioVersion = 10.0.40219.1
Project("{FAE04EC0-301F-11D3-BF4B-00C04F79EFBC}") = "BdfFontParser", "BdfFontParser\BdfFontParser.csproj", "{80CC69CB-2100-4445-B323-0A5604A6432C}"
EndProject
Global
	GlobalSection(SolutionConfigurationPlatforms) = preSolution
		Debug|Any CPU = Debug|Any CPU
		Release|Any CPU = Release|Any CPU
	EndGlobalSection
	GlobalSection(ProjectConfigurationPlatforms) = postSolution
		{80CC69CB-2100-4445-B323-0A5604A6432C}.Debug|Any CPU.ActiveCfg = Debug|Any CPU
		{80CC69CB-2100-4445-B323-0A5604A6432C}.Debug|Any CPU.Build.0 = Debug|Any CPU
		{80CC69CB-2100-4445-B323-0A5604A6432C}.Release|Any CPU.ActiveCfg = Release|Any CPU
		{80CC69CB-2100-4445-B323-0A5604A6432C}.Release|Any CPU.Build.0 = Release|Any CPU
	EndGlobalSection
	GlobalSection(SolutionProperties) = preSolution
		HideSolutionNode = FALSE
	EndGlobalSection
	GlobalSection(ExtensibilityGlobals) = postSolution
		SolutionGuid = {B933DEF7-F87B-4065-9B77-0EE8BCB67A79}
	EndGlobalSection
EndGlobal
